
Microsoft Visual Studio Solution File, Format Version 12.00
# Visual Studio Version 17
VisualStudioVersion = 17.9.34714.143
MinimumVisualStudioVersion = 10.0.40219.1
Project("{FAE04EC0-301F-11D3-BF4B-00C04F79EFBC}") = "UnitOfWork-Studying", "UnitOfWork-Studying.csproj", "{CEE5102E-42AB-4578-8C31-3CF8D57ECB63}"
EndProject
Project("{FAE04EC0-301F-11D3-BF4B-00C04F79EFBC}") = "ProductAPI", "..\ProductAPI\ProductAPI.csproj", "{415FA415-B941-47E8-B635-35CA8A00A09B}"
EndProject
Global
	GlobalSection(SolutionConfigurationPlatforms) = preSolution
		Debug|Any CPU = Debug|Any CPU
		Release|Any CPU = Release|Any CPU
	EndGlobalSection
	GlobalSection(ProjectConfigurationPlatforms) = postSolution
		{CEE5102E-42AB-4578-8C31-3CF8D57ECB63}.Debug|Any CPU.ActiveCfg = Debug|Any CPU
		{CEE5102E-42AB-4578-8C31-3CF8D57ECB63}.Debug|Any CPU.Build.0 = Debug|Any CPU
		{CEE5102E-42AB-4578-8C31-3CF8D57ECB63}.Release|Any CPU.ActiveCfg = Release|Any CPU
		{CEE5102E-42AB-4578-8C31-3CF8D57ECB63}.Release|Any CPU.Build.0 = Release|Any CPU
		{415FA415-B941-47E8-B635-35CA8A00A09B}.Debug|Any CPU.ActiveCfg = Debug|Any CPU
		{415FA415-B941-47E8-B635-35CA8A00A09B}.Debug|Any CPU.Build.0 = Debug|Any CPU
		{415FA415-B941-47E8-B635-35CA8A00A09B}.Release|Any CPU.ActiveCfg = Release|Any CPU
		{415FA415-B941-47E8-B635-35CA8A00A09B}.Release|Any CPU.Build.0 = Release|Any CPU
	EndGlobalSection
	GlobalSection(SolutionProperties) = preSolution
		HideSolutionNode = FALSE
	EndGlobalSection
	GlobalSection(ExtensibilityGlobals) = postSolution
		SolutionGuid = {97143F6C-71B9-4C2A-80D4-C3E84A82929E}
	EndGlobalSection
EndGlobal
